// !$*UTF8*$!
{
	archiveVersion = 1;
	classes = {
	};
	objectVersion = 46;
	objects = {

/* Begin PBXBuildFile section */
		9A0122AA1BE8AFF400123F62 /* AppDelegate.swift in Sources */ = {isa = PBXBuildFile; fileRef = 9A0122A91BE8AFF400123F62 /* AppDelegate.swift */; };
		9A0122AC1BE8AFF400123F62 /* ViewController.swift in Sources */ = {isa = PBXBuildFile; fileRef = 9A0122AB1BE8AFF400123F62 /* ViewController.swift */; };
		9A0122AF1BE8AFF400123F62 /* Main.storyboard in Resources */ = {isa = PBXBuildFile; fileRef = 9A0122AD1BE8AFF400123F62 /* Main.storyboard */; };
		9A0122B11BE8AFF400123F62 /* Assets.xcassets in Resources */ = {isa = PBXBuildFile; fileRef = 9A0122B01BE8AFF400123F62 /* Assets.xcassets */; };
		9A0122B41BE8AFF400123F62 /* LaunchScreen.storyboard in Resources */ = {isa = PBXBuildFile; fileRef = 9A0122B21BE8AFF400123F62 /* LaunchScreen.storyboard */; };
		9A0122BF1BE8AFF400123F62 /* LynnBubbleTableViewDemoUITests.swift in Sources */ = {isa = PBXBuildFile; fileRef = 9A0122BE1BE8AFF400123F62 /* LynnBubbleTableViewDemoUITests.swift */; };
		9A0122D11BE8B06900123F62 /* LynnBubbleData.swift in Sources */ = {isa = PBXBuildFile; fileRef = 9A0122CA1BE8B06900123F62 /* LynnBubbleData.swift */; };
		9A0122D21BE8B06900123F62 /* LynnBubbleTableView.swift in Sources */ = {isa = PBXBuildFile; fileRef = 9A0122CB1BE8B06900123F62 /* LynnBubbleTableView.swift */; };
		9A0122D31BE8B06900123F62 /* LynnBubbleViewHeaderCell.swift in Sources */ = {isa = PBXBuildFile; fileRef = 9A0122CC1BE8B06900123F62 /* LynnBubbleViewHeaderCell.swift */; };
		9A0122D41BE8B06900123F62 /* LynnBubbleViewHeaderCell.xib in Resources */ = {isa = PBXBuildFile; fileRef = 9A0122CD1BE8B06900123F62 /* LynnBubbleViewHeaderCell.xib */; };
		9A0122D61BE8B06900123F62 /* MyBubbleViewCell.swift in Sources */ = {isa = PBXBuildFile; fileRef = 9A0122CF1BE8B06900123F62 /* MyBubbleViewCell.swift */; };
		9A0122D71BE8B06900123F62 /* MyBubbleViewCell.xib in Resources */ = {isa = PBXBuildFile; fileRef = 9A0122D01BE8B06900123F62 /* MyBubbleViewCell.xib */; };
		9A0122DA1BE8B23D00123F62 /* Someone'sBubbleViewCell.swift in Sources */ = {isa = PBXBuildFile; fileRef = 9A0122D81BE8B23D00123F62 /* Someone'sBubbleViewCell.swift */; };
		9A0122DB1BE8B23D00123F62 /* Someone'sBubbleViewCell.xib in Resources */ = {isa = PBXBuildFile; fileRef = 9A0122D91BE8B23D00123F62 /* Someone'sBubbleViewCell.xib */; };
		9A0122E01BE9D48200123F62 /* ImageBubbleTableViewCell.swift in Sources */ = {isa = PBXBuildFile; fileRef = 9A0122DE1BE9D48200123F62 /* ImageBubbleTableViewCell.swift */; };
		9A0122E11BE9D48200123F62 /* ImageBubbleTableViewCell.xib in Resources */ = {isa = PBXBuildFile; fileRef = 9A0122DF1BE9D48200123F62 /* ImageBubbleTableViewCell.xib */; };
		9A0122E41BE9D82300123F62 /* ImageBubbleSomeoneViewCell.swift in Sources */ = {isa = PBXBuildFile; fileRef = 9A0122E21BE9D82300123F62 /* ImageBubbleSomeoneViewCell.swift */; };
		9A0122E51BE9D82300123F62 /* ImageBubbleSomeoneViewCell.xib in Resources */ = {isa = PBXBuildFile; fileRef = 9A0122E31BE9D82300123F62 /* ImageBubbleSomeoneViewCell.xib */; };
		9A0122E81BE9DF0F00123F62 /* cat_height.jpg in Resources */ = {isa = PBXBuildFile; fileRef = 9A0122E61BE9DF0F00123F62 /* cat_height.jpg */; };
		9A0122E91BE9DF0F00123F62 /* cat_width.jpg in Resources */ = {isa = PBXBuildFile; fileRef = 9A0122E71BE9DF0F00123F62 /* cat_width.jpg */; };
/* End PBXBuildFile section */

/* Begin PBXContainerItemProxy section */
		9A0122BB1BE8AFF400123F62 /* PBXContainerItemProxy */ = {
			isa = PBXContainerItemProxy;
			containerPortal = 9A01229E1BE8AFF400123F62 /* Project object */;
			proxyType = 1;
			remoteGlobalIDString = 9A0122A51BE8AFF400123F62;
			remoteInfo = LynnBubbleTableViewDemo;
		};
/* End PBXContainerItemProxy section */

/* Begin PBXFileReference section */
		9A0122A61BE8AFF400123F62 /* LynnBubbleTableViewDemo.app */ = {isa = PBXFileReference; explicitFileType = wrapper.application; includeInIndex = 0; path = LynnBubbleTableViewDemo.app; sourceTree = BUILT_PRODUCTS_DIR; };
		9A0122A91BE8AFF400123F62 /* AppDelegate.swift */ = {isa = PBXFileReference; lastKnownFileType = sourcecode.swift; path = AppDelegate.swift; sourceTree = "<group>"; };
		9A0122AB1BE8AFF400123F62 /* ViewController.swift */ = {isa = PBXFileReference; lastKnownFileType = sourcecode.swift; path = ViewController.swift; sourceTree = "<group>"; };
		9A0122AE1BE8AFF400123F62 /* Base */ = {isa = PBXFileReference; lastKnownFileType = file.storyboard; name = Base; path = Base.lproj/Main.storyboard; sourceTree = "<group>"; };
		9A0122B01BE8AFF400123F62 /* Assets.xcassets */ = {isa = PBXFileReference; lastKnownFileType = folder.assetcatalog; path = Assets.xcassets; sourceTree = "<group>"; };
		9A0122B31BE8AFF400123F62 /* Base */ = {isa = PBXFileReference; lastKnownFileType = file.storyboard; name = Base; path = Base.lproj/LaunchScreen.storyboard; sourceTree = "<group>"; };
		9A0122B51BE8AFF400123F62 /* Info.plist */ = {isa = PBXFileReference; lastKnownFileType = text.plist.xml; path = Info.plist; sourceTree = "<group>"; };
		9A0122BA1BE8AFF400123F62 /* LynnBubbleTableViewDemoUITests.xctest */ = {isa = PBXFileReference; explicitFileType = wrapper.cfbundle; includeInIndex = 0; path = LynnBubbleTableViewDemoUITests.xctest; sourceTree = BUILT_PRODUCTS_DIR; };
		9A0122BE1BE8AFF400123F62 /* LynnBubbleTableViewDemoUITests.swift */ = {isa = PBXFileReference; lastKnownFileType = sourcecode.swift; path = LynnBubbleTableViewDemoUITests.swift; sourceTree = "<group>"; };
		9A0122C01BE8AFF400123F62 /* Info.plist */ = {isa = PBXFileReference; lastKnownFileType = text.plist.xml; path = Info.plist; sourceTree = "<group>"; };
		9A0122CA1BE8B06900123F62 /* LynnBubbleData.swift */ = {isa = PBXFileReference; fileEncoding = 4; lastKnownFileType = sourcecode.swift; path = LynnBubbleData.swift; sourceTree = "<group>"; };
		9A0122CB1BE8B06900123F62 /* LynnBubbleTableView.swift */ = {isa = PBXFileReference; fileEncoding = 4; lastKnownFileType = sourcecode.swift; path = LynnBubbleTableView.swift; sourceTree = "<group>"; };
		9A0122CC1BE8B06900123F62 /* LynnBubbleViewHeaderCell.swift */ = {isa = PBXFileReference; fileEncoding = 4; lastKnownFileType = sourcecode.swift; path = LynnBubbleViewHeaderCell.swift; sourceTree = "<group>"; };
		9A0122CD1BE8B06900123F62 /* LynnBubbleViewHeaderCell.xib */ = {isa = PBXFileReference; fileEncoding = 4; lastKnownFileType = file.xib; path = LynnBubbleViewHeaderCell.xib; sourceTree = "<group>"; };
		9A0122CF1BE8B06900123F62 /* MyBubbleViewCell.swift */ = {isa = PBXFileReference; fileEncoding = 4; lastKnownFileType = sourcecode.swift; path = MyBubbleViewCell.swift; sourceTree = "<group>"; };
		9A0122D01BE8B06900123F62 /* MyBubbleViewCell.xib */ = {isa = PBXFileReference; fileEncoding = 4; lastKnownFileType = file.xib; path = MyBubbleViewCell.xib; sourceTree = "<group>"; };
		9A0122D81BE8B23D00123F62 /* Someone'sBubbleViewCell.swift */ = {isa = PBXFileReference; fileEncoding = 4; lastKnownFileType = sourcecode.swift; path = "Someone'sBubbleViewCell.swift"; sourceTree = "<group>"; };
		9A0122D91BE8B23D00123F62 /* Someone'sBubbleViewCell.xib */ = {isa = PBXFileReference; fileEncoding = 4; lastKnownFileType = file.xib; path = "Someone'sBubbleViewCell.xib"; sourceTree = "<group>"; };
		9A0122DE1BE9D48200123F62 /* ImageBubbleTableViewCell.swift */ = {isa = PBXFileReference; fileEncoding = 4; lastKnownFileType = sourcecode.swift; path = ImageBubbleTableViewCell.swift; sourceTree = "<group>"; };
		9A0122DF1BE9D48200123F62 /* ImageBubbleTableViewCell.xib */ = {isa = PBXFileReference; fileEncoding = 4; lastKnownFileType = file.xib; path = ImageBubbleTableViewCell.xib; sourceTree = "<group>"; };
		9A0122E21BE9D82300123F62 /* ImageBubbleSomeoneViewCell.swift */ = {isa = PBXFileReference; fileEncoding = 4; lastKnownFileType = sourcecode.swift; path = ImageBubbleSomeoneViewCell.swift; sourceTree = "<group>"; };
		9A0122E31BE9D82300123F62 /* ImageBubbleSomeoneViewCell.xib */ = {isa = PBXFileReference; fileEncoding = 4; lastKnownFileType = file.xib; path = ImageBubbleSomeoneViewCell.xib; sourceTree = "<group>"; };
		9A0122E61BE9DF0F00123F62 /* cat_height.jpg */ = {isa = PBXFileReference; lastKnownFileType = image.jpeg; path = cat_height.jpg; sourceTree = "<group>"; };
		9A0122E71BE9DF0F00123F62 /* cat_width.jpg */ = {isa = PBXFileReference; lastKnownFileType = image.jpeg; path = cat_width.jpg; sourceTree = "<group>"; };
/* End PBXFileReference section */

/* Begin PBXFrameworksBuildPhase section */
		9A0122A31BE8AFF400123F62 /* Frameworks */ = {
			isa = PBXFrameworksBuildPhase;
			buildActionMask = 2147483647;
			files = (
			);
			runOnlyForDeploymentPostprocessing = 0;
		};
		9A0122B71BE8AFF400123F62 /* Frameworks */ = {
			isa = PBXFrameworksBuildPhase;
			buildActionMask = 2147483647;
			files = (
			);
			runOnlyForDeploymentPostprocessing = 0;
		};
/* End PBXFrameworksBuildPhase section */

/* Begin PBXGroup section */
		9A01229D1BE8AFF400123F62 = {
			isa = PBXGroup;
			children = (
				9A0122A81BE8AFF400123F62 /* LynnBubbleTableViewDemo */,
				9A0122BD1BE8AFF400123F62 /* LynnBubbleTableViewDemoUITests */,
				9A0122A71BE8AFF400123F62 /* Products */,
			);
			sourceTree = "<group>";
		};
		9A0122A71BE8AFF400123F62 /* Products */ = {
			isa = PBXGroup;
			children = (
				9A0122A61BE8AFF400123F62 /* LynnBubbleTableViewDemo.app */,
				9A0122BA1BE8AFF400123F62 /* LynnBubbleTableViewDemoUITests.xctest */,
			);
			name = Products;
			sourceTree = "<group>";
		};
		9A0122A81BE8AFF400123F62 /* LynnBubbleTableViewDemo */ = {
			isa = PBXGroup;
			children = (
				9A0122C91BE8B06900123F62 /* LynnBubbleTableView */,
				9A0122A91BE8AFF400123F62 /* AppDelegate.swift */,
				9A0122AB1BE8AFF400123F62 /* ViewController.swift */,
				9A0122AD1BE8AFF400123F62 /* Main.storyboard */,
				9A0122B01BE8AFF400123F62 /* Assets.xcassets */,
				9A0122B21BE8AFF400123F62 /* LaunchScreen.storyboard */,
				9A0122E61BE9DF0F00123F62 /* cat_height.jpg */,
				9A0122E71BE9DF0F00123F62 /* cat_width.jpg */,
				9A0122B51BE8AFF400123F62 /* Info.plist */,
			);
			path = LynnBubbleTableViewDemo;
			sourceTree = "<group>";
		};
		9A0122BD1BE8AFF400123F62 /* LynnBubbleTableViewDemoUITests */ = {
			isa = PBXGroup;
			children = (
				9A0122BE1BE8AFF400123F62 /* LynnBubbleTableViewDemoUITests.swift */,
				9A0122C01BE8AFF400123F62 /* Info.plist */,
			);
			path = LynnBubbleTableViewDemoUITests;
			sourceTree = "<group>";
		};
		9A0122C91BE8B06900123F62 /* LynnBubbleTableView */ = {
			isa = PBXGroup;
			children = (
				9A0122CA1BE8B06900123F62 /* LynnBubbleData.swift */,
				9A0122CB1BE8B06900123F62 /* LynnBubbleTableView.swift */,
				9A0122CC1BE8B06900123F62 /* LynnBubbleViewHeaderCell.swift */,
				9A0122CD1BE8B06900123F62 /* LynnBubbleViewHeaderCell.xib */,
				9A0122CF1BE8B06900123F62 /* MyBubbleViewCell.swift */,
				9A0122D01BE8B06900123F62 /* MyBubbleViewCell.xib */,
				9A0122D81BE8B23D00123F62 /* Someone'sBubbleViewCell.swift */,
				9A0122D91BE8B23D00123F62 /* Someone'sBubbleViewCell.xib */,
				9A0122DE1BE9D48200123F62 /* ImageBubbleTableViewCell.swift */,
				9A0122DF1BE9D48200123F62 /* ImageBubbleTableViewCell.xib */,
				9A0122E21BE9D82300123F62 /* ImageBubbleSomeoneViewCell.swift */,
				9A0122E31BE9D82300123F62 /* ImageBubbleSomeoneViewCell.xib */,
			);
			path = LynnBubbleTableView;
			sourceTree = "<group>";
		};
/* End PBXGroup section */

/* Begin PBXNativeTarget section */
		9A0122A51BE8AFF400123F62 /* LynnBubbleTableViewDemo */ = {
			isa = PBXNativeTarget;
			buildConfigurationList = 9A0122C31BE8AFF400123F62 /* Build configuration list for PBXNativeTarget "LynnBubbleTableViewDemo" */;
			buildPhases = (
				9A0122A21BE8AFF400123F62 /* Sources */,
				9A0122A31BE8AFF400123F62 /* Frameworks */,
				9A0122A41BE8AFF400123F62 /* Resources */,
			);
			buildRules = (
			);
			dependencies = (
			);
			name = LynnBubbleTableViewDemo;
			productName = LynnBubbleTableViewDemo;
			productReference = 9A0122A61BE8AFF400123F62 /* LynnBubbleTableViewDemo.app */;
			productType = "com.apple.product-type.application";
		};
		9A0122B91BE8AFF400123F62 /* LynnBubbleTableViewDemoUITests */ = {
			isa = PBXNativeTarget;
			buildConfigurationList = 9A0122C61BE8AFF400123F62 /* Build configuration list for PBXNativeTarget "LynnBubbleTableViewDemoUITests" */;
			buildPhases = (
				9A0122B61BE8AFF400123F62 /* Sources */,
				9A0122B71BE8AFF400123F62 /* Frameworks */,
				9A0122B81BE8AFF400123F62 /* Resources */,
			);
			buildRules = (
			);
			dependencies = (
				9A0122BC1BE8AFF400123F62 /* PBXTargetDependency */,
			);
			name = LynnBubbleTableViewDemoUITests;
			productName = LynnBubbleTableViewDemoUITests;
			productReference = 9A0122BA1BE8AFF400123F62 /* LynnBubbleTableViewDemoUITests.xctest */;
			productType = "com.apple.product-type.bundle.ui-testing";
		};
/* End PBXNativeTarget section */

/* Begin PBXProject section */
		9A01229E1BE8AFF400123F62 /* Project object */ = {
			isa = PBXProject;
			attributes = {
				LastSwiftUpdateCheck = 0710;
				LastUpgradeCheck = 0710;
				ORGANIZATIONNAME = lou;
				TargetAttributes = {
					9A0122A51BE8AFF400123F62 = {
						CreatedOnToolsVersion = 7.1;
					};
					9A0122B91BE8AFF400123F62 = {
						CreatedOnToolsVersion = 7.1;
						TestTargetID = 9A0122A51BE8AFF400123F62;
					};
				};
			};
			buildConfigurationList = 9A0122A11BE8AFF400123F62 /* Build configuration list for PBXProject "LynnBubbleTableViewDemo" */;
			compatibilityVersion = "Xcode 3.2";
			developmentRegion = English;
			hasScannedForEncodings = 0;
			knownRegions = (
				en,
				Base,
			);
			mainGroup = 9A01229D1BE8AFF400123F62;
			productRefGroup = 9A0122A71BE8AFF400123F62 /* Products */;
			projectDirPath = "";
			projectRoot = "";
			targets = (
				9A0122A51BE8AFF400123F62 /* LynnBubbleTableViewDemo */,
				9A0122B91BE8AFF400123F62 /* LynnBubbleTableViewDemoUITests */,
			);
		};
/* End PBXProject section */

/* Begin PBXResourcesBuildPhase section */
		9A0122A41BE8AFF400123F62 /* Resources */ = {
			isa = PBXResourcesBuildPhase;
			buildActionMask = 2147483647;
			files = (
				9A0122E81BE9DF0F00123F62 /* cat_height.jpg in Resources */,
				9A0122B41BE8AFF400123F62 /* LaunchScreen.storyboard in Resources */,
				9A0122DB1BE8B23D00123F62 /* Someone'sBubbleViewCell.xib in Resources */,
				9A0122D71BE8B06900123F62 /* MyBubbleViewCell.xib in Resources */,
				9A0122B11BE8AFF400123F62 /* Assets.xcassets in Resources */,
				9A0122D41BE8B06900123F62 /* LynnBubbleViewHeaderCell.xib in Resources */,
				9A0122AF1BE8AFF400123F62 /* Main.storyboard in Resources */,
				9A0122E11BE9D48200123F62 /* ImageBubbleTableViewCell.xib in Resources */,
				9A0122E51BE9D82300123F62 /* ImageBubbleSomeoneViewCell.xib in Resources */,
				9A0122E91BE9DF0F00123F62 /* cat_width.jpg in Resources */,
			);
			runOnlyForDeploymentPostprocessing = 0;
		};
		9A0122B81BE8AFF400123F62 /* Resources */ = {
			isa = PBXResourcesBuildPhase;
			buildActionMask = 2147483647;
			files = (
			);
			runOnlyForDeploymentPostprocessing = 0;
		};
/* End PBXResourcesBuildPhase section */

/* Begin PBXSourcesBuildPhase section */
		9A0122A21BE8AFF400123F62 /* Sources */ = {
			isa = PBXSourcesBuildPhase;
			buildActionMask = 2147483647;
			files = (
				9A0122E41BE9D82300123F62 /* ImageBubbleSomeoneViewCell.swift in Sources */,
				9A0122D21BE8B06900123F62 /* LynnBubbleTableView.swift in Sources */,
				9A0122D11BE8B06900123F62 /* LynnBubbleData.swift in Sources */,
				9A0122D61BE8B06900123F62 /* MyBubbleViewCell.swift in Sources */,
				9A0122E01BE9D48200123F62 /* ImageBubbleTableViewCell.swift in Sources */,
				9A0122D31BE8B06900123F62 /* LynnBubbleViewHeaderCell.swift in Sources */,
				9A0122DA1BE8B23D00123F62 /* Someone'sBubbleViewCell.swift in Sources */,
				9A0122AC1BE8AFF400123F62 /* ViewController.swift in Sources */,
				9A0122AA1BE8AFF400123F62 /* AppDelegate.swift in Sources */,
			);
			runOnlyForDeploymentPostprocessing = 0;
		};
		9A0122B61BE8AFF400123F62 /* Sources */ = {
			isa = PBXSourcesBuildPhase;
			buildActionMask = 2147483647;
			files = (
				9A0122BF1BE8AFF400123F62 /* LynnBubbleTableViewDemoUITests.swift in Sources */,
			);
			runOnlyForDeploymentPostprocessing = 0;
		};
/* End PBXSourcesBuildPhase section */

/* Begin PBXTargetDependency section */
		9A0122BC1BE8AFF400123F62 /* PBXTargetDependency */ = {
			isa = PBXTargetDependency;
			target = 9A0122A51BE8AFF400123F62 /* LynnBubbleTableViewDemo */;
			targetProxy = 9A0122BB1BE8AFF400123F62 /* PBXContainerItemProxy */;
		};
/* End PBXTargetDependency section */

/* Begin PBXVariantGroup section */
		9A0122AD1BE8AFF400123F62 /* Main.storyboard */ = {
			isa = PBXVariantGroup;
			children = (
				9A0122AE1BE8AFF400123F62 /* Base */,
			);
			name = Main.storyboard;
			sourceTree = "<group>";
		};
		9A0122B21BE8AFF400123F62 /* LaunchScreen.storyboard */ = {
			isa = PBXVariantGroup;
			children = (
				9A0122B31BE8AFF400123F62 /* Base */,
			);
			name = LaunchScreen.storyboard;
			sourceTree = "<group>";
		};
/* End PBXVariantGroup section */

/* Begin XCBuildConfiguration section */
		9A0122C11BE8AFF400123F62 /* Debug */ = {
			isa = XCBuildConfiguration;
			buildSettings = {
				ALWAYS_SEARCH_USER_PATHS = NO;
				CLANG_CXX_LANGUAGE_STANDARD = "gnu++0x";
				CLANG_CXX_LIBRARY = "libc++";
				CLANG_ENABLE_MODULES = YES;
				CLANG_ENABLE_OBJC_ARC = YES;
				CLANG_WARN_BOOL_CONVERSION = YES;
				CLANG_WARN_CONSTANT_CONVERSION = YES;
				CLANG_WARN_DIRECT_OBJC_ISA_USAGE = YES_ERROR;
				CLANG_WARN_EMPTY_BODY = YES;
				CLANG_WARN_ENUM_CONVERSION = YES;
				CLANG_WARN_INT_CONVERSION = YES;
				CLANG_WARN_OBJC_ROOT_CLASS = YES_ERROR;
				CLANG_WARN_UNREACHABLE_CODE = YES;
				CLANG_WARN__DUPLICATE_METHOD_MATCH = YES;
				"CODE_SIGN_IDENTITY[sdk=iphoneos*]" = "iPhone Developer";
				COPY_PHASE_STRIP = NO;
				DEBUG_INFORMATION_FORMAT = dwarf;
				ENABLE_STRICT_OBJC_MSGSEND = YES;
				ENABLE_TESTABILITY = YES;
				GCC_C_LANGUAGE_STANDARD = gnu99;
				GCC_DYNAMIC_NO_PIC = NO;
				GCC_NO_COMMON_BLOCKS = YES;
				GCC_OPTIMIZATION_LEVEL = 0;
				GCC_PREPROCESSOR_DEFINITIONS = (
					"DEBUG=1",
					"$(inherited)",
				);
				GCC_WARN_64_TO_32_BIT_CONVERSION = YES;
				GCC_WARN_ABOUT_RETURN_TYPE = YES_ERROR;
				GCC_WARN_UNDECLARED_SELECTOR = YES;
				GCC_WARN_UNINITIALIZED_AUTOS = YES_AGGRESSIVE;
				GCC_WARN_UNUSED_FUNCTION = YES;
				GCC_WARN_UNUSED_VARIABLE = YES;
				IPHONEOS_DEPLOYMENT_TARGET = 9.1;
				MTL_ENABLE_DEBUG_INFO = YES;
				ONLY_ACTIVE_ARCH = YES;
				SDKROOT = iphoneos;
				SWIFT_OPTIMIZATION_LEVEL = "-Onone";
			};
			name = Debug;
		};
		9A0122C21BE8AFF400123F62 /* Release */ = {
			isa = XCBuildConfiguration;
			buildSettings = {
				ALWAYS_SEARCH_USER_PATHS = NO;
				CLANG_CXX_LANGUAGE_STANDARD = "gnu++0x";
				CLANG_CXX_LIBRARY = "libc++";
				CLANG_ENABLE_MODULES = YES;
				CLANG_ENABLE_OBJC_ARC = YES;
				CLANG_WARN_BOOL_CONVERSION = YES;
				CLANG_WARN_CONSTANT_CONVERSION = YES;
				CLANG_WARN_DIRECT_OBJC_ISA_USAGE = YES_ERROR;
				CLANG_WARN_EMPTY_BODY = YES;
				CLANG_WARN_ENUM_CONVERSION = YES;
				CLANG_WARN_INT_CONVERSION = YES;
				CLANG_WARN_OBJC_ROOT_CLASS = YES_ERROR;
				CLANG_WARN_UNREACHABLE_CODE = YES;
				CLANG_WARN__DUPLICATE_METHOD_MATCH = YES;
				"CODE_SIGN_IDENTITY[sdk=iphoneos*]" = "iPhone Developer";
				COPY_PHASE_STRIP = NO;
				DEBUG_INFORMATION_FORMAT = "dwarf-with-dsym";
				ENABLE_NS_ASSERTIONS = NO;
				ENABLE_STRICT_OBJC_MSGSEND = YES;
				GCC_C_LANGUAGE_STANDARD = gnu99;
				GCC_NO_COMMON_BLOCKS = YES;
				GCC_WARN_64_TO_32_BIT_CONVERSION = YES;
				GCC_WARN_ABOUT_RETURN_TYPE = YES_ERROR;
				GCC_WARN_UNDECLARED_SELECTOR = YES;
				GCC_WARN_UNINITIALIZED_AUTOS = YES_AGGRESSIVE;
				GCC_WARN_UNUSED_FUNCTION = YES;
				GCC_WARN_UNUSED_VARIABLE = YES;
				IPHONEOS_DEPLOYMENT_TARGET = 9.1;
				MTL_ENABLE_DEBUG_INFO = NO;
				SDKROOT = iphoneos;
				VALIDATE_PRODUCT = YES;
			};
			name = Release;
		};
		9A0122C41BE8AFF400123F62 /* Debug */ = {
			isa = XCBuildConfiguration;
			buildSettings = {
				ASSETCATALOG_COMPILER_APPICON_NAME = AppIcon;
				INFOPLIST_FILE = LynnBubbleTableViewDemo/Info.plist;
				IPHONEOS_DEPLOYMENT_TARGET = 8.0;
				LD_RUNPATH_SEARCH_PATHS = "$(inherited) @executable_path/Frameworks";
				PRODUCT_BUNDLE_IDENTIFIER = lou.LynnBubbleTableViewDemo;
				PRODUCT_NAME = "$(TARGET_NAME)";
			};
			name = Debug;
		};
		9A0122C51BE8AFF400123F62 /* Release */ = {
			isa = XCBuildConfiguration;
			buildSettings = {
				ASSETCATALOG_COMPILER_APPICON_NAME = AppIcon;
				INFOPLIST_FILE = LynnBubbleTableViewDemo/Info.plist;
				IPHONEOS_DEPLOYMENT_TARGET = 8.0;
				LD_RUNPATH_SEARCH_PATHS = "$(inherited) @executable_path/Frameworks";
				PRODUCT_BUNDLE_IDENTIFIER = lou.LynnBubbleTableViewDemo;
				PRODUCT_NAME = "$(TARGET_NAME)";
			};
			name = Release;
		};
		9A0122C71BE8AFF400123F62 /* Debug */ = {
			isa = XCBuildConfiguration;
			buildSettings = {
				INFOPLIST_FILE = LynnBubbleTableViewDemoUITests/Info.plist;
				LD_RUNPATH_SEARCH_PATHS = "$(inherited) @executable_path/Frameworks @loader_path/Frameworks";
				PRODUCT_BUNDLE_IDENTIFIER = lou.LynnBubbleTableViewDemoUITests;
				PRODUCT_NAME = "$(TARGET_NAME)";
				TEST_TARGET_NAME = LynnBubbleTableViewDemo;
				USES_XCTRUNNER = YES;
			};
			name = Debug;
		};
		9A0122C81BE8AFF400123F62 /* Release */ = {
			isa = XCBuildConfiguration;
			buildSettings = {
				INFOPLIST_FILE = LynnBubbleTableViewDemoUITests/Info.plist;
				LD_RUNPATH_SEARCH_PATHS = "$(inherited) @executable_path/Frameworks @loader_path/Frameworks";
				PRODUCT_BUNDLE_IDENTIFIER = lou.LynnBubbleTableViewDemoUITests;
				PRODUCT_NAME = "$(TARGET_NAME)";
				TEST_TARGET_NAME = LynnBubbleTableViewDemo;
				USES_XCTRUNNER = YES;
			};
			name = Release;
		};
/* End XCBuildConfiguration section */

/* Begin XCConfigurationList section */
		9A0122A11BE8AFF400123F62 /* Build configuration list for PBXProject "LynnBubbleTableViewDemo" */ = {
			isa = XCConfigurationList;
			buildConfigurations = (
				9A0122C11BE8AFF400123F62 /* Debug */,
				9A0122C21BE8AFF400123F62 /* Release */,
			);
			defaultConfigurationIsVisible = 0;
			defaultConfigurationName = Release;
		};
		9A0122C31BE8AFF400123F62 /* Build configuration list for PBXNativeTarget "LynnBubbleTableViewDemo" */ = {
			isa = XCConfigurationList;
			buildConfigurations = (
				9A0122C41BE8AFF400123F62 /* Debug */,
				9A0122C51BE8AFF400123F62 /* Release */,
			);
			defaultConfigurationIsVisible = 0;
			defaultConfigurationName = Release;
		};
		9A0122C61BE8AFF400123F62 /* Build configuration list for PBXNativeTarget "LynnBubbleTableViewDemoUITests" */ = {
			isa = XCConfigurationList;
			buildConfigurations = (
				9A0122C71BE8AFF400123F62 /* Debug */,
				9A0122C81BE8AFF400123F62 /* Release */,
			);
			defaultConfigurationIsVisible = 0;
			defaultConfigurationName = Release;
		};
/* End XCConfigurationList section */
	};
	rootObject = 9A01229E1BE8AFF400123F62 /* Project object */;
}
